// !$*UTF8*$!
{
	archiveVersion = 1;
	classes = {
	};
	objectVersion = 56;
	objects = {

/* Begin PBXBuildFile section */
		D602DBE12AC9459600B67FA7 /* Theme.swift in Sources */ = {isa = PBXBuildFile; fileRef = D602DBE02AC9459600B67FA7 /* Theme.swift */; };
		D608CF912ABEFE5900B12F77 /* ModelKit.swift in Sources */ = {isa = PBXBuildFile; fileRef = D608CF902ABEFE5900B12F77 /* ModelKit.swift */; };
		D60B1DB32AE3BF7500A17F14 /* FormatCurrency.swift in Sources */ = {isa = PBXBuildFile; fileRef = D60B1DB22AE3BF7500A17F14 /* FormatCurrency.swift */; };
		D60CAA302ABE986F00084C3D /* Scale_LibraryApp.swift in Sources */ = {isa = PBXBuildFile; fileRef = D60CAA2F2ABE986F00084C3D /* Scale_LibraryApp.swift */; };
		D60CAA322ABE986F00084C3D /* HomeView.swift in Sources */ = {isa = PBXBuildFile; fileRef = D60CAA312ABE986F00084C3D /* HomeView.swift */; };
		D60CAA342ABE987000084C3D /* Assets.xcassets in Resources */ = {isa = PBXBuildFile; fileRef = D60CAA332ABE987000084C3D /* Assets.xcassets */; };
		D60CAA372ABE987000084C3D /* Preview Assets.xcassets in Resources */ = {isa = PBXBuildFile; fileRef = D60CAA362ABE987000084C3D /* Preview Assets.xcassets */; };
		D638662D2ACE9EF6005F2F9B /* ItemTag.swift in Sources */ = {isa = PBXBuildFile; fileRef = D638662C2ACE9EF6005F2F9B /* ItemTag.swift */; };
		D638662F2ACED7FE005F2F9B /* StandardShadow.swift in Sources */ = {isa = PBXBuildFile; fileRef = D638662E2ACED7FE005F2F9B /* StandardShadow.swift */; };
		D65C01FE2ACFEEE200A79C1E /* ClearListItem.swift in Sources */ = {isa = PBXBuildFile; fileRef = D65C01FD2ACFEEE200A79C1E /* ClearListItem.swift */; };
		D65C02002AD00E6E00A79C1E /* LightShadow.swift in Sources */ = {isa = PBXBuildFile; fileRef = D65C01FF2AD00E6E00A79C1E /* LightShadow.swift */; };
		D65C02052AD1597C00A79C1E /* ModelKitFormView.swift in Sources */ = {isa = PBXBuildFile; fileRef = D65C02042AD1597C00A79C1E /* ModelKitFormView.swift */; };
		D65F2C622AC030D200EF5BFA /* ModelKitsView.swift in Sources */ = {isa = PBXBuildFile; fileRef = D65F2C612AC030D200EF5BFA /* ModelKitsView.swift */; };
		D6716B0F2AE20AC200B975E6 /* ModelKitDetailViewModel.swift in Sources */ = {isa = PBXBuildFile; fileRef = D6716B0E2AE20AC200B975E6 /* ModelKitDetailViewModel.swift */; };
		D6716B112AE2570900B975E6 /* ModelKitFormValidator.swift in Sources */ = {isa = PBXBuildFile; fileRef = D6716B102AE2570900B975E6 /* ModelKitFormValidator.swift */; };
		D6734CF22AEAD98300CF6643 /* Launch Screen.storyboard in Resources */ = {isa = PBXBuildFile; fileRef = D6734CF12AEAD98300CF6643 /* Launch Screen.storyboard */; };
		D674AE762AE54A2100ACAA04 /* Observables.swift in Sources */ = {isa = PBXBuildFile; fileRef = D674AE752AE54A2100ACAA04 /* Observables.swift */; };
		D67824732AD4367A00A7BFE5 /* ModelKitDetailView.swift in Sources */ = {isa = PBXBuildFile; fileRef = D67824722AD4367A00A7BFE5 /* ModelKitDetailView.swift */; };
		D67EA5252AC1C57800975D64 /* ClearNavLink.swift in Sources */ = {isa = PBXBuildFile; fileRef = D67EA5242AC1C57800975D64 /* ClearNavLink.swift */; };
		D67EA5272AC319F600975D64 /* OverviewCard.swift in Sources */ = {isa = PBXBuildFile; fileRef = D67EA5262AC319F600975D64 /* OverviewCard.swift */; };
		D67FC39B2AD9918100B375B0 /* ModelKitFormViewModel.swift in Sources */ = {isa = PBXBuildFile; fileRef = D67FC39A2AD9918100B375B0 /* ModelKitFormViewModel.swift */; };
		D67FF5ED2AC5C1160038D2CD /* DetectOrientation.swift in Sources */ = {isa = PBXBuildFile; fileRef = D67FF5EC2AC5C1160038D2CD /* DetectOrientation.swift */; };
		D686E6CE2ADED10200640E88 /* ProjectsView.swift in Sources */ = {isa = PBXBuildFile; fileRef = D686E6CD2ADED10200640E88 /* ProjectsView.swift */; };
		D693890F2AD8229900D91F04 /* PreviewContainer.swift in Sources */ = {isa = PBXBuildFile; fileRef = D693890E2AD8229900D91F04 /* PreviewContainer.swift */; };
		D69389132AD84EE400D91F04 /* ModelKitsViewModel.swift in Sources */ = {isa = PBXBuildFile; fileRef = D69389122AD84EE400D91F04 /* ModelKitsViewModel.swift */; };
		D69AC3E02ADFFA52002A59F2 /* AccessoriesView.swift in Sources */ = {isa = PBXBuildFile; fileRef = D69AC3DF2ADFFA52002A59F2 /* AccessoriesView.swift */; };
		D69AC3E22ADFFA81002A59F2 /* PaintsView.swift in Sources */ = {isa = PBXBuildFile; fileRef = D69AC3E12ADFFA81002A59F2 /* PaintsView.swift */; };
		D6A07EC32AE952CC00B8CF51 /* HomeViewModel.swift in Sources */ = {isa = PBXBuildFile; fileRef = D6A07EC22AE952CC00B8CF51 /* HomeViewModel.swift */; };
		D6B9E1352ACAFBDF0074DFED /* ModelKitCard.swift in Sources */ = {isa = PBXBuildFile; fileRef = D6B9E1342ACAFBDF0074DFED /* ModelKitCard.swift */; };
		D6D5C8652ACE6AF900D2C38E /* DeferredViewModifier.swift in Sources */ = {isa = PBXBuildFile; fileRef = D6D5C8642ACE6AF900D2C38E /* DeferredViewModifier.swift */; };
		D6DA9BC72AC018F4008C10A1 /* PageCard.swift in Sources */ = {isa = PBXBuildFile; fileRef = D6DA9BC62AC018F4008C10A1 /* PageCard.swift */; };
/* End PBXBuildFile section */

/* Begin PBXFileReference section */
		D602DBE02AC9459600B67FA7 /* Theme.swift */ = {isa = PBXFileReference; fileEncoding = 4; lastKnownFileType = sourcecode.swift; path = Theme.swift; sourceTree = "<group>"; };
		D608CF902ABEFE5900B12F77 /* ModelKit.swift */ = {isa = PBXFileReference; lastKnownFileType = sourcecode.swift; path = ModelKit.swift; sourceTree = "<group>"; };
		D60B1DB22AE3BF7500A17F14 /* FormatCurrency.swift */ = {isa = PBXFileReference; lastKnownFileType = sourcecode.swift; path = FormatCurrency.swift; sourceTree = "<group>"; };
		D60CAA2C2ABE986F00084C3D /* Scale Library.app */ = {isa = PBXFileReference; explicitFileType = wrapper.application; includeInIndex = 0; path = "Scale Library.app"; sourceTree = BUILT_PRODUCTS_DIR; };
		D60CAA2F2ABE986F00084C3D /* Scale_LibraryApp.swift */ = {isa = PBXFileReference; lastKnownFileType = sourcecode.swift; path = Scale_LibraryApp.swift; sourceTree = "<group>"; };
		D60CAA312ABE986F00084C3D /* HomeView.swift */ = {isa = PBXFileReference; lastKnownFileType = sourcecode.swift; path = HomeView.swift; sourceTree = "<group>"; };
		D60CAA332ABE987000084C3D /* Assets.xcassets */ = {isa = PBXFileReference; lastKnownFileType = folder.assetcatalog; path = Assets.xcassets; sourceTree = "<group>"; };
		D60CAA362ABE987000084C3D /* Preview Assets.xcassets */ = {isa = PBXFileReference; lastKnownFileType = folder.assetcatalog; path = "Preview Assets.xcassets"; sourceTree = "<group>"; };
		D638662C2ACE9EF6005F2F9B /* ItemTag.swift */ = {isa = PBXFileReference; lastKnownFileType = sourcecode.swift; path = ItemTag.swift; sourceTree = "<group>"; };
		D638662E2ACED7FE005F2F9B /* StandardShadow.swift */ = {isa = PBXFileReference; lastKnownFileType = sourcecode.swift; path = StandardShadow.swift; sourceTree = "<group>"; };
		D65C01FD2ACFEEE200A79C1E /* ClearListItem.swift */ = {isa = PBXFileReference; lastKnownFileType = sourcecode.swift; path = ClearListItem.swift; sourceTree = "<group>"; };
		D65C01FF2AD00E6E00A79C1E /* LightShadow.swift */ = {isa = PBXFileReference; lastKnownFileType = sourcecode.swift; path = LightShadow.swift; sourceTree = "<group>"; };
		D65C02042AD1597C00A79C1E /* ModelKitFormView.swift */ = {isa = PBXFileReference; lastKnownFileType = sourcecode.swift; path = ModelKitFormView.swift; sourceTree = "<group>"; };
		D65F2C612AC030D200EF5BFA /* ModelKitsView.swift */ = {isa = PBXFileReference; lastKnownFileType = sourcecode.swift; path = ModelKitsView.swift; sourceTree = "<group>"; };
		D6622F872ABEC65000E482A0 /* Scale-Library-Info.plist */ = {isa = PBXFileReference; lastKnownFileType = text.plist.xml; name = "Scale-Library-Info.plist"; path = "Scale Library/Other/Scale-Library-Info.plist"; sourceTree = SOURCE_ROOT; };
		D6716B0E2AE20AC200B975E6 /* ModelKitDetailViewModel.swift */ = {isa = PBXFileReference; lastKnownFileType = sourcecode.swift; path = ModelKitDetailViewModel.swift; sourceTree = "<group>"; };
		D6716B102AE2570900B975E6 /* ModelKitFormValidator.swift */ = {isa = PBXFileReference; lastKnownFileType = sourcecode.swift; path = ModelKitFormValidator.swift; sourceTree = "<group>"; };
		D6734CF12AEAD98300CF6643 /* Launch Screen.storyboard */ = {isa = PBXFileReference; lastKnownFileType = file.storyboard; path = "Launch Screen.storyboard"; sourceTree = "<group>"; };
		D674AE752AE54A2100ACAA04 /* Observables.swift */ = {isa = PBXFileReference; lastKnownFileType = sourcecode.swift; path = Observables.swift; sourceTree = "<group>"; };
		D67824722AD4367A00A7BFE5 /* ModelKitDetailView.swift */ = {isa = PBXFileReference; lastKnownFileType = sourcecode.swift; path = ModelKitDetailView.swift; sourceTree = "<group>"; };
		D67EA5242AC1C57800975D64 /* ClearNavLink.swift */ = {isa = PBXFileReference; lastKnownFileType = sourcecode.swift; path = ClearNavLink.swift; sourceTree = "<group>"; };
		D67EA5262AC319F600975D64 /* OverviewCard.swift */ = {isa = PBXFileReference; lastKnownFileType = sourcecode.swift; path = OverviewCard.swift; sourceTree = "<group>"; };
		D67FC39A2AD9918100B375B0 /* ModelKitFormViewModel.swift */ = {isa = PBXFileReference; lastKnownFileType = sourcecode.swift; path = ModelKitFormViewModel.swift; sourceTree = "<group>"; };
		D67FF5EC2AC5C1160038D2CD /* DetectOrientation.swift */ = {isa = PBXFileReference; lastKnownFileType = sourcecode.swift; path = DetectOrientation.swift; sourceTree = "<group>"; };
		D686E6CD2ADED10200640E88 /* ProjectsView.swift */ = {isa = PBXFileReference; lastKnownFileType = sourcecode.swift; path = ProjectsView.swift; sourceTree = "<group>"; };
		D693890E2AD8229900D91F04 /* PreviewContainer.swift */ = {isa = PBXFileReference; lastKnownFileType = sourcecode.swift; path = PreviewContainer.swift; sourceTree = "<group>"; };
		D69389122AD84EE400D91F04 /* ModelKitsViewModel.swift */ = {isa = PBXFileReference; lastKnownFileType = sourcecode.swift; path = ModelKitsViewModel.swift; sourceTree = "<group>"; };
		D69AC3DF2ADFFA52002A59F2 /* AccessoriesView.swift */ = {isa = PBXFileReference; lastKnownFileType = sourcecode.swift; path = AccessoriesView.swift; sourceTree = "<group>"; };
		D69AC3E12ADFFA81002A59F2 /* PaintsView.swift */ = {isa = PBXFileReference; lastKnownFileType = sourcecode.swift; path = PaintsView.swift; sourceTree = "<group>"; };
		D6A07EC22AE952CC00B8CF51 /* HomeViewModel.swift */ = {isa = PBXFileReference; lastKnownFileType = sourcecode.swift; path = HomeViewModel.swift; sourceTree = "<group>"; };
		D6B9E1342ACAFBDF0074DFED /* ModelKitCard.swift */ = {isa = PBXFileReference; lastKnownFileType = sourcecode.swift; path = ModelKitCard.swift; sourceTree = "<group>"; };
		D6D5C8642ACE6AF900D2C38E /* DeferredViewModifier.swift */ = {isa = PBXFileReference; lastKnownFileType = sourcecode.swift; path = DeferredViewModifier.swift; sourceTree = "<group>"; };
		D6DA9BC62AC018F4008C10A1 /* PageCard.swift */ = {isa = PBXFileReference; lastKnownFileType = sourcecode.swift; path = PageCard.swift; sourceTree = "<group>"; };
/* End PBXFileReference section */

/* Begin PBXFrameworksBuildPhase section */
		D60CAA292ABE986F00084C3D /* Frameworks */ = {
			isa = PBXFrameworksBuildPhase;
			buildActionMask = 2147483647;
			files = (
			);
			runOnlyForDeploymentPostprocessing = 0;
		};
/* End PBXFrameworksBuildPhase section */

/* Begin PBXGroup section */
		D608CF872ABECF6B00B12F77 /* Views */ = {
			isa = PBXGroup;
			children = (
				D6DA9BC52ABFF033008C10A1 /* HomeView */,
				D686E6CC2ADED0A400640E88 /* ProjectsView */,
				D65C02032AD1595600A79C1E /* ModelKitFormView */,
				D69389102AD8375E00D91F04 /* ModelKitDetailView */,
				D67EA5282AC47B5900975D64 /* ModelKitsView */,
				D69AC3DD2ADFF9C8002A59F2 /* AccessoriesView */,
				D69AC3DE2ADFF9EF002A59F2 /* PaintsView */,
			);
			path = Views;
			sourceTree = "<group>";
		};
		D608CF8B2ABEF5C100B12F77 /* Models */ = {
			isa = PBXGroup;
			children = (
				D602DBE02AC9459600B67FA7 /* Theme.swift */,
				D608CF902ABEFE5900B12F77 /* ModelKit.swift */,
			);
			path = Models;
			sourceTree = "<group>";
		};
		D60CAA232ABE986F00084C3D = {
			isa = PBXGroup;
			children = (
				D60CAA2E2ABE986F00084C3D /* Scale Library */,
				D60CAA2D2ABE986F00084C3D /* Products */,
			);
			sourceTree = "<group>";
		};
		D60CAA2D2ABE986F00084C3D /* Products */ = {
			isa = PBXGroup;
			children = (
				D60CAA2C2ABE986F00084C3D /* Scale Library.app */,
			);
			name = Products;
			sourceTree = "<group>";
		};
		D60CAA2E2ABE986F00084C3D /* Scale Library */ = {
			isa = PBXGroup;
			children = (
				D608CF8B2ABEF5C100B12F77 /* Models */,
				D65C02062AD2469900A79C1E /* View Models */,
				D608CF872ABECF6B00B12F77 /* Views */,
				D638662B2ACE9EC7005F2F9B /* Components */,
				D67EA5232AC1C3A100975D64 /* Styles */,
				D67FF5EB2AC5C0E90038D2CD /* Utilities */,
				D60CAA352ABE987000084C3D /* Preview Content */,
				D6734CF02AEAD8FE00CF6643 /* Other */,
			);
			path = "Scale Library";
			sourceTree = "<group>";
		};
		D60CAA352ABE987000084C3D /* Preview Content */ = {
			isa = PBXGroup;
			children = (
				D60CAA362ABE987000084C3D /* Preview Assets.xcassets */,
			);
			path = "Preview Content";
			sourceTree = "<group>";
		};
		D638662B2ACE9EC7005F2F9B /* Components */ = {
			isa = PBXGroup;
			children = (
				D6DA9BC62AC018F4008C10A1 /* PageCard.swift */,
				D638662C2ACE9EF6005F2F9B /* ItemTag.swift */,
			);
			path = Components;
			sourceTree = "<group>";
		};
		D65C02032AD1595600A79C1E /* ModelKitFormView */ = {
			isa = PBXGroup;
			children = (
				D65C02042AD1597C00A79C1E /* ModelKitFormView.swift */,
				D67FC39A2AD9918100B375B0 /* ModelKitFormViewModel.swift */,
				D6716B102AE2570900B975E6 /* ModelKitFormValidator.swift */,
			);
			path = ModelKitFormView;
			sourceTree = "<group>";
		};
		D65C02062AD2469900A79C1E /* View Models */ = {
			isa = PBXGroup;
			children = (
				D674AE752AE54A2100ACAA04 /* Observables.swift */,
			);
			path = "View Models";
			sourceTree = "<group>";
		};
		D6734CF02AEAD8FE00CF6643 /* Other */ = {
			isa = PBXGroup;
			children = (
				D60CAA2F2ABE986F00084C3D /* Scale_LibraryApp.swift */,
				D6622F872ABEC65000E482A0 /* Scale-Library-Info.plist */,
				D60CAA332ABE987000084C3D /* Assets.xcassets */,
				D6734CF12AEAD98300CF6643 /* Launch Screen.storyboard */,
			);
			path = Other;
			sourceTree = "<group>";
		};
		D67EA5232AC1C3A100975D64 /* Styles */ = {
			isa = PBXGroup;
			children = (
				D67EA5242AC1C57800975D64 /* ClearNavLink.swift */,
				D6D5C8642ACE6AF900D2C38E /* DeferredViewModifier.swift */,
				D638662E2ACED7FE005F2F9B /* StandardShadow.swift */,
				D65C01FD2ACFEEE200A79C1E /* ClearListItem.swift */,
				D65C01FF2AD00E6E00A79C1E /* LightShadow.swift */,
			);
			path = Styles;
			sourceTree = "<group>";
		};
		D67EA5282AC47B5900975D64 /* ModelKitsView */ = {
			isa = PBXGroup;
			children = (
				D69389112AD83F2700D91F04 /* Components */,
				D65F2C612AC030D200EF5BFA /* ModelKitsView.swift */,
				D69389122AD84EE400D91F04 /* ModelKitsViewModel.swift */,
			);
			path = ModelKitsView;
			sourceTree = "<group>";
		};
		D67FF5EB2AC5C0E90038D2CD /* Utilities */ = {
			isa = PBXGroup;
			children = (
				D67FF5EC2AC5C1160038D2CD /* DetectOrientation.swift */,
				D693890E2AD8229900D91F04 /* PreviewContainer.swift */,
				D60B1DB22AE3BF7500A17F14 /* FormatCurrency.swift */,
			);
			path = Utilities;
			sourceTree = "<group>";
		};
		D686E6CC2ADED0A400640E88 /* ProjectsView */ = {
			isa = PBXGroup;
			children = (
				D686E6CD2ADED10200640E88 /* ProjectsView.swift */,
			);
			path = ProjectsView;
			sourceTree = "<group>";
		};
		D69389102AD8375E00D91F04 /* ModelKitDetailView */ = {
			isa = PBXGroup;
			children = (
				D67824722AD4367A00A7BFE5 /* ModelKitDetailView.swift */,
				D6716B0E2AE20AC200B975E6 /* ModelKitDetailViewModel.swift */,
			);
			path = ModelKitDetailView;
			sourceTree = "<group>";
		};
		D69389112AD83F2700D91F04 /* Components */ = {
			isa = PBXGroup;
			children = (
				D6B9E1342ACAFBDF0074DFED /* ModelKitCard.swift */,
			);
			path = Components;
			sourceTree = "<group>";
		};
		D69AC3DD2ADFF9C8002A59F2 /* AccessoriesView */ = {
			isa = PBXGroup;
			children = (
				D69AC3DF2ADFFA52002A59F2 /* AccessoriesView.swift */,
			);
			path = AccessoriesView;
			sourceTree = "<group>";
		};
		D69AC3DE2ADFF9EF002A59F2 /* PaintsView */ = {
			isa = PBXGroup;
			children = (
				D69AC3E12ADFFA81002A59F2 /* PaintsView.swift */,
			);
			path = PaintsView;
			sourceTree = "<group>";
		};
		D6DA9BC52ABFF033008C10A1 /* HomeView */ = {
			isa = PBXGroup;
			children = (
				D6E1DC552AE6746E00075B72 /* Components */,
				D60CAA312ABE986F00084C3D /* HomeView.swift */,
				D6A07EC22AE952CC00B8CF51 /* HomeViewModel.swift */,
			);
			path = HomeView;
			sourceTree = "<group>";
		};
		D6E1DC552AE6746E00075B72 /* Components */ = {
			isa = PBXGroup;
			children = (
				D67EA5262AC319F600975D64 /* OverviewCard.swift */,
			);
			path = Components;
			sourceTree = "<group>";
		};
/* End PBXGroup section */

/* Begin PBXNativeTarget section */
		D60CAA2B2ABE986F00084C3D /* Scale Library */ = {
			isa = PBXNativeTarget;
			buildConfigurationList = D60CAA3A2ABE987000084C3D /* Build configuration list for PBXNativeTarget "Scale Library" */;
			buildPhases = (
				D60CAA282ABE986F00084C3D /* Sources */,
				D60CAA292ABE986F00084C3D /* Frameworks */,
				D60CAA2A2ABE986F00084C3D /* Resources */,
			);
			buildRules = (
			);
			dependencies = (
			);
			name = "Scale Library";
			productName = "Scale Library";
			productReference = D60CAA2C2ABE986F00084C3D /* Scale Library.app */;
			productType = "com.apple.product-type.application";
		};
/* End PBXNativeTarget section */

/* Begin PBXProject section */
		D60CAA242ABE986F00084C3D /* Project object */ = {
			isa = PBXProject;
			attributes = {
				BuildIndependentTargetsInParallel = 1;
				LastSwiftUpdateCheck = 1430;
				LastUpgradeCheck = 1500;
				TargetAttributes = {
					D60CAA2B2ABE986F00084C3D = {
						CreatedOnToolsVersion = 14.3.1;
					};
				};
			};
			buildConfigurationList = D60CAA272ABE986F00084C3D /* Build configuration list for PBXProject "Scale Library" */;
			compatibilityVersion = "Xcode 14.0";
			developmentRegion = en;
			hasScannedForEncodings = 0;
			knownRegions = (
				en,
				Base,
			);
			mainGroup = D60CAA232ABE986F00084C3D;
			productRefGroup = D60CAA2D2ABE986F00084C3D /* Products */;
			projectDirPath = "";
			projectRoot = "";
			targets = (
				D60CAA2B2ABE986F00084C3D /* Scale Library */,
			);
		};
/* End PBXProject section */

/* Begin PBXResourcesBuildPhase section */
		D60CAA2A2ABE986F00084C3D /* Resources */ = {
			isa = PBXResourcesBuildPhase;
			buildActionMask = 2147483647;
			files = (
				D6734CF22AEAD98300CF6643 /* Launch Screen.storyboard in Resources */,
				D60CAA372ABE987000084C3D /* Preview Assets.xcassets in Resources */,
				D60CAA342ABE987000084C3D /* Assets.xcassets in Resources */,
			);
			runOnlyForDeploymentPostprocessing = 0;
		};
/* End PBXResourcesBuildPhase section */

/* Begin PBXSourcesBuildPhase section */
		D60CAA282ABE986F00084C3D /* Sources */ = {
			isa = PBXSourcesBuildPhase;
			buildActionMask = 2147483647;
			files = (
				D674AE762AE54A2100ACAA04 /* Observables.swift in Sources */,
				D65C01FE2ACFEEE200A79C1E /* ClearListItem.swift in Sources */,
				D6716B112AE2570900B975E6 /* ModelKitFormValidator.swift in Sources */,
				D60CAA322ABE986F00084C3D /* HomeView.swift in Sources */,
				D67EA5272AC319F600975D64 /* OverviewCard.swift in Sources */,
				D69389132AD84EE400D91F04 /* ModelKitsViewModel.swift in Sources */,
				D638662D2ACE9EF6005F2F9B /* ItemTag.swift in Sources */,
				D69AC3E22ADFFA81002A59F2 /* PaintsView.swift in Sources */,
				D60CAA302ABE986F00084C3D /* Scale_LibraryApp.swift in Sources */,
				D6716B0F2AE20AC200B975E6 /* ModelKitDetailViewModel.swift in Sources */,
				D608CF912ABEFE5900B12F77 /* ModelKit.swift in Sources */,
				D638662F2ACED7FE005F2F9B /* StandardShadow.swift in Sources */,
				D693890F2AD8229900D91F04 /* PreviewContainer.swift in Sources */,
				D67824732AD4367A00A7BFE5 /* ModelKitDetailView.swift in Sources */,
				D6A07EC32AE952CC00B8CF51 /* HomeViewModel.swift in Sources */,
				D69AC3E02ADFFA52002A59F2 /* AccessoriesView.swift in Sources */,
				D65C02002AD00E6E00A79C1E /* LightShadow.swift in Sources */,
				D65C02052AD1597C00A79C1E /* ModelKitFormView.swift in Sources */,
				D67FF5ED2AC5C1160038D2CD /* DetectOrientation.swift in Sources */,
				D6DA9BC72AC018F4008C10A1 /* PageCard.swift in Sources */,
				D6D5C8652ACE6AF900D2C38E /* DeferredViewModifier.swift in Sources */,
				D686E6CE2ADED10200640E88 /* ProjectsView.swift in Sources */,
				D602DBE12AC9459600B67FA7 /* Theme.swift in Sources */,
				D65F2C622AC030D200EF5BFA /* ModelKitsView.swift in Sources */,
				D67EA5252AC1C57800975D64 /* ClearNavLink.swift in Sources */,
				D60B1DB32AE3BF7500A17F14 /* FormatCurrency.swift in Sources */,
				D67FC39B2AD9918100B375B0 /* ModelKitFormViewModel.swift in Sources */,
				D6B9E1352ACAFBDF0074DFED /* ModelKitCard.swift in Sources */,
			);
			runOnlyForDeploymentPostprocessing = 0;
		};
/* End PBXSourcesBuildPhase section */

/* Begin XCBuildConfiguration section */
		D60CAA382ABE987000084C3D /* Debug */ = {
			isa = XCBuildConfiguration;
			buildSettings = {
				ALWAYS_SEARCH_USER_PATHS = NO;
				CLANG_ANALYZER_NONNULL = YES;
				CLANG_ANALYZER_NUMBER_OBJECT_CONVERSION = YES_AGGRESSIVE;
				CLANG_CXX_LANGUAGE_STANDARD = "gnu++20";
				CLANG_ENABLE_MODULES = YES;
				CLANG_ENABLE_OBJC_ARC = YES;
				CLANG_ENABLE_OBJC_WEAK = YES;
				CLANG_WARN_BLOCK_CAPTURE_AUTORELEASING = YES;
				CLANG_WARN_BOOL_CONVERSION = YES;
				CLANG_WARN_COMMA = YES;
				CLANG_WARN_CONSTANT_CONVERSION = YES;
				CLANG_WARN_DEPRECATED_OBJC_IMPLEMENTATIONS = YES;
				CLANG_WARN_DIRECT_OBJC_ISA_USAGE = YES_ERROR;
				CLANG_WARN_DOCUMENTATION_COMMENTS = YES;
				CLANG_WARN_EMPTY_BODY = YES;
				CLANG_WARN_ENUM_CONVERSION = YES;
				CLANG_WARN_INFINITE_RECURSION = YES;
				CLANG_WARN_INT_CONVERSION = YES;
				CLANG_WARN_NON_LITERAL_NULL_CONVERSION = YES;
				CLANG_WARN_OBJC_IMPLICIT_RETAIN_SELF = YES;
				CLANG_WARN_OBJC_LITERAL_CONVERSION = YES;
				CLANG_WARN_OBJC_ROOT_CLASS = YES_ERROR;
				CLANG_WARN_QUOTED_INCLUDE_IN_FRAMEWORK_HEADER = YES;
				CLANG_WARN_RANGE_LOOP_ANALYSIS = YES;
				CLANG_WARN_STRICT_PROTOTYPES = YES;
				CLANG_WARN_SUSPICIOUS_MOVE = YES;
				CLANG_WARN_UNGUARDED_AVAILABILITY = YES_AGGRESSIVE;
				CLANG_WARN_UNREACHABLE_CODE = YES;
				CLANG_WARN__DUPLICATE_METHOD_MATCH = YES;
				COPY_PHASE_STRIP = NO;
				DEBUG_INFORMATION_FORMAT = dwarf;
				ENABLE_STRICT_OBJC_MSGSEND = YES;
				ENABLE_TESTABILITY = YES;
				ENABLE_USER_SCRIPT_SANDBOXING = YES;
				GCC_C_LANGUAGE_STANDARD = gnu11;
				GCC_DYNAMIC_NO_PIC = NO;
				GCC_NO_COMMON_BLOCKS = YES;
				GCC_OPTIMIZATION_LEVEL = 0;
				GCC_PREPROCESSOR_DEFINITIONS = (
					"DEBUG=1",
					"$(inherited)",
				);
				GCC_WARN_64_TO_32_BIT_CONVERSION = YES;
				GCC_WARN_ABOUT_RETURN_TYPE = YES_ERROR;
				GCC_WARN_UNDECLARED_SELECTOR = YES;
				GCC_WARN_UNINITIALIZED_AUTOS = YES_AGGRESSIVE;
				GCC_WARN_UNUSED_FUNCTION = YES;
				GCC_WARN_UNUSED_VARIABLE = YES;
				IPHONEOS_DEPLOYMENT_TARGET = 16.6;
				MTL_ENABLE_DEBUG_INFO = INCLUDE_SOURCE;
				MTL_FAST_MATH = YES;
				ONLY_ACTIVE_ARCH = YES;
				SDKROOT = iphoneos;
				SWIFT_ACTIVE_COMPILATION_CONDITIONS = DEBUG;
				SWIFT_OPTIMIZATION_LEVEL = "-Onone";
			};
			name = Debug;
		};
		D60CAA392ABE987000084C3D /* Release */ = {
			isa = XCBuildConfiguration;
			buildSettings = {
				ALWAYS_SEARCH_USER_PATHS = NO;
				CLANG_ANALYZER_NONNULL = YES;
				CLANG_ANALYZER_NUMBER_OBJECT_CONVERSION = YES_AGGRESSIVE;
				CLANG_CXX_LANGUAGE_STANDARD = "gnu++20";
				CLANG_ENABLE_MODULES = YES;
				CLANG_ENABLE_OBJC_ARC = YES;
				CLANG_ENABLE_OBJC_WEAK = YES;
				CLANG_WARN_BLOCK_CAPTURE_AUTORELEASING = YES;
				CLANG_WARN_BOOL_CONVERSION = YES;
				CLANG_WARN_COMMA = YES;
				CLANG_WARN_CONSTANT_CONVERSION = YES;
				CLANG_WARN_DEPRECATED_OBJC_IMPLEMENTATIONS = YES;
				CLANG_WARN_DIRECT_OBJC_ISA_USAGE = YES_ERROR;
				CLANG_WARN_DOCUMENTATION_COMMENTS = YES;
				CLANG_WARN_EMPTY_BODY = YES;
				CLANG_WARN_ENUM_CONVERSION = YES;
				CLANG_WARN_INFINITE_RECURSION = YES;
				CLANG_WARN_INT_CONVERSION = YES;
				CLANG_WARN_NON_LITERAL_NULL_CONVERSION = YES;
				CLANG_WARN_OBJC_IMPLICIT_RETAIN_SELF = YES;
				CLANG_WARN_OBJC_LITERAL_CONVERSION = YES;
				CLANG_WARN_OBJC_ROOT_CLASS = YES_ERROR;
				CLANG_WARN_QUOTED_INCLUDE_IN_FRAMEWORK_HEADER = YES;
				CLANG_WARN_RANGE_LOOP_ANALYSIS = YES;
				CLANG_WARN_STRICT_PROTOTYPES = YES;
				CLANG_WARN_SUSPICIOUS_MOVE = YES;
				CLANG_WARN_UNGUARDED_AVAILABILITY = YES_AGGRESSIVE;
				CLANG_WARN_UNREACHABLE_CODE = YES;
				CLANG_WARN__DUPLICATE_METHOD_MATCH = YES;
				COPY_PHASE_STRIP = NO;
				DEBUG_INFORMATION_FORMAT = "dwarf-with-dsym";
				ENABLE_NS_ASSERTIONS = NO;
				ENABLE_STRICT_OBJC_MSGSEND = YES;
				ENABLE_USER_SCRIPT_SANDBOXING = YES;
				GCC_C_LANGUAGE_STANDARD = gnu11;
				GCC_NO_COMMON_BLOCKS = YES;
				GCC_WARN_64_TO_32_BIT_CONVERSION = YES;
				GCC_WARN_ABOUT_RETURN_TYPE = YES_ERROR;
				GCC_WARN_UNDECLARED_SELECTOR = YES;
				GCC_WARN_UNINITIALIZED_AUTOS = YES_AGGRESSIVE;
				GCC_WARN_UNUSED_FUNCTION = YES;
				GCC_WARN_UNUSED_VARIABLE = YES;
				IPHONEOS_DEPLOYMENT_TARGET = 16.6;
				MTL_ENABLE_DEBUG_INFO = NO;
				MTL_FAST_MATH = YES;
				SDKROOT = iphoneos;
				SWIFT_COMPILATION_MODE = wholemodule;
				SWIFT_OPTIMIZATION_LEVEL = "-O";
				VALIDATE_PRODUCT = YES;
			};
			name = Release;
		};
		D60CAA3B2ABE987000084C3D /* Debug */ = {
			isa = XCBuildConfiguration;
			buildSettings = {
				ASSETCATALOG_COMPILER_APPICON_NAME = AppIcon;
				ASSETCATALOG_COMPILER_GLOBAL_ACCENT_COLOR_NAME = AccentColor;
				ASSETCATALOG_COMPILER_INCLUDE_ALL_APPICON_ASSETS = YES;
				CODE_SIGN_STYLE = Automatic;
				CURRENT_PROJECT_VERSION = 1;
				DEVELOPMENT_ASSET_PATHS = "\"Scale Library/Preview Content\"";
				DEVELOPMENT_TEAM = 7WGV9N5ZWM;
				ENABLE_PREVIEWS = YES;
				GENERATE_INFOPLIST_FILE = YES;
				INFOPLIST_FILE = "Scale-Library-Info.plist";
				INFOPLIST_KEY_UIApplicationSceneManifest_Generation = YES;
				INFOPLIST_KEY_UIApplicationSupportsIndirectInputEvents = YES;
				INFOPLIST_KEY_UILaunchStoryboardName = "Launch Screen.storyboard";
				INFOPLIST_KEY_UISupportedInterfaceOrientations_iPad = "UIInterfaceOrientationPortrait UIInterfaceOrientationPortraitUpsideDown UIInterfaceOrientationLandscapeLeft UIInterfaceOrientationLandscapeRight";
				INFOPLIST_KEY_UISupportedInterfaceOrientations_iPhone = "UIInterfaceOrientationPortrait UIInterfaceOrientationLandscapeLeft UIInterfaceOrientationLandscapeRight";
				IPHONEOS_DEPLOYMENT_TARGET = 17.0;
				LD_RUNPATH_SEARCH_PATHS = (
					"$(inherited)",
					"@executable_path/Frameworks",
				);
				MARKETING_VERSION = 1.0;
				PRODUCT_BUNDLE_IDENTIFIER = "Tan-Sheng-Fong.Scale-Library";
				PRODUCT_NAME = "$(TARGET_NAME)";
				SWIFT_EMIT_LOC_STRINGS = YES;
				SWIFT_VERSION = 5.0;
				TARGETED_DEVICE_FAMILY = "1,2";
			};
			name = Debug;
		};
		D60CAA3C2ABE987000084C3D /* Release */ = {
			isa = XCBuildConfiguration;
			buildSettings = {
				ASSETCATALOG_COMPILER_APPICON_NAME = AppIcon;
				ASSETCATALOG_COMPILER_GLOBAL_ACCENT_COLOR_NAME = AccentColor;
				ASSETCATALOG_COMPILER_INCLUDE_ALL_APPICON_ASSETS = YES;
				CODE_SIGN_STYLE = Automatic;
				CURRENT_PROJECT_VERSION = 1;
				DEVELOPMENT_ASSET_PATHS = "\"Scale Library/Preview Content\"";
				DEVELOPMENT_TEAM = 7WGV9N5ZWM;
				ENABLE_PREVIEWS = YES;
				GENERATE_INFOPLIST_FILE = YES;
				INFOPLIST_FILE = "Scale-Library-Info.plist";
				INFOPLIST_KEY_UIApplicationSceneManifest_Generation = YES;
				INFOPLIST_KEY_UIApplicationSupportsIndirectInputEvents = YES;
				INFOPLIST_KEY_UILaunchStoryboardName = "Launch Screen.storyboard";
				INFOPLIST_KEY_UISupportedInterfaceOrientations_iPad = "UIInterfaceOrientationPortrait UIInterfaceOrientationPortraitUpsideDown UIInterfaceOrientationLandscapeLeft UIInterfaceOrientationLandscapeRight";
				INFOPLIST_KEY_UISupportedInterfaceOrientations_iPhone = "UIInterfaceOrientationPortrait UIInterfaceOrientationLandscapeLeft UIInterfaceOrientationLandscapeRight";
				IPHONEOS_DEPLOYMENT_TARGET = 17.0;
				LD_RUNPATH_SEARCH_PATHS = (
					"$(inherited)",
					"@executable_path/Frameworks",
				);
				MARKETING_VERSION = 1.0;
				PRODUCT_BUNDLE_IDENTIFIER = "Tan-Sheng-Fong.Scale-Library";
				PRODUCT_NAME = "$(TARGET_NAME)";
				SWIFT_EMIT_LOC_STRINGS = YES;
				SWIFT_VERSION = 5.0;
				TARGETED_DEVICE_FAMILY = "1,2";
			};
			name = Release;
		};
/* End XCBuildConfiguration section */

/* Begin XCConfigurationList section */
		D60CAA272ABE986F00084C3D /* Build configuration list for PBXProject "Scale Library" */ = {
			isa = XCConfigurationList;
			buildConfigurations = (
				D60CAA382ABE987000084C3D /* Debug */,
				D60CAA392ABE987000084C3D /* Release */,
			);
			defaultConfigurationIsVisible = 0;
			defaultConfigurationName = Release;
		};
		D60CAA3A2ABE987000084C3D /* Build configuration list for PBXNativeTarget "Scale Library" */ = {
			isa = XCConfigurationList;
			buildConfigurations = (
				D60CAA3B2ABE987000084C3D /* Debug */,
				D60CAA3C2ABE987000084C3D /* Release */,
			);
			defaultConfigurationIsVisible = 0;
			defaultConfigurationName = Release;
		};
/* End XCConfigurationList section */
	};
	rootObject = D60CAA242ABE986F00084C3D /* Project object */;
}
